
Microsoft Visual Studio Solution File, Format Version 12.00
# Visual Studio Version 17
VisualStudioVersion = 17.14.36705.20 d17.14
MinimumVisualStudioVersion = 10.0.40219.1
Project("{FAE04EC0-301F-11D3-BF4B-00C04F79EFBC}") = "ERPSystem.API", "ERPSystem.API\ERPSystem.API.csproj", "{F9441918-ADF2-47F7-8054-DD41B39B0525}"
EndProject
Global
	GlobalSection(SolutionConfigurationPlatforms) = preSolution
		Debug|Any CPU = Debug|Any CPU
		Release|Any CPU = Release|Any CPU
	EndGlobalSection
	GlobalSection(ProjectConfigurationPlatforms) = postSolution
		{F9441918-ADF2-47F7-8054-DD41B39B0525}.Debug|Any CPU.ActiveCfg = Debug|Any CPU
		{F9441918-ADF2-47F7-8054-DD41B39B0525}.Debug|Any CPU.Build.0 = Debug|Any CPU
		{F9441918-ADF2-47F7-8054-DD41B39B0525}.Release|Any CPU.ActiveCfg = Release|Any CPU
		{F9441918-ADF2-47F7-8054-DD41B39B0525}.Release|Any CPU.Build.0 = Release|Any CPU
	EndGlobalSection
	GlobalSection(SolutionProperties) = preSolution
		HideSolutionNode = FALSE
	EndGlobalSection
	GlobalSection(ExtensibilityGlobals) = postSolution
		SolutionGuid = {3CFA0B22-A411-49EC-BD6D-14263453AD22}
	EndGlobalSection
EndGlobal
